// !$*UTF8*$!
{
	archiveVersion = 1;
	classes = {
	};
	objectVersion = 55;
	objects = {

/* Begin PBXBuildFile section */
		3502947C28D4832B00C37C92 /* UserObject.swift in Sources */ = {isa = PBXBuildFile; fileRef = 3502947B28D4832B00C37C92 /* UserObject.swift */; };
		350374352937B11B00DF4306 /* ProgressRow.swift in Sources */ = {isa = PBXBuildFile; fileRef = 350374342937B11B00DF4306 /* ProgressRow.swift */; };
		350374382937F0CB00DF4306 /* GoalCardView.swift in Sources */ = {isa = PBXBuildFile; fileRef = 350374372937F0CB00DF4306 /* GoalCardView.swift */; };
		3503743A2937F11100DF4306 /* WeightCardView.swift in Sources */ = {isa = PBXBuildFile; fileRef = 350374392937F11100DF4306 /* WeightCardView.swift */; };
		3503743C2937FFE800DF4306 /* CardViewScore.swift in Sources */ = {isa = PBXBuildFile; fileRef = 3503743B2937FFE800DF4306 /* CardViewScore.swift */; };
		350B03AE28CE52E900738A7E /* PopupView.swift in Sources */ = {isa = PBXBuildFile; fileRef = 350B03AD28CE52E900738A7E /* PopupView.swift */; };
		35143A3E293E3527001004D7 /* Attention.m4r in Resources */ = {isa = PBXBuildFile; fileRef = 35143A3D293E3527001004D7 /* Attention.m4r */; };
		35143A45293E59A5001004D7 /* AudioPlayer.swift in Sources */ = {isa = PBXBuildFile; fileRef = 35143A44293E59A5001004D7 /* AudioPlayer.swift */; };
		3520CB7A28DDACA300F85F62 /* CurrentWeek.swift in Sources */ = {isa = PBXBuildFile; fileRef = 3520CB7928DDACA300F85F62 /* CurrentWeek.swift */; };
		352137E128CA13750045A453 /* WeekView.swift in Sources */ = {isa = PBXBuildFile; fileRef = 352137E028CA13750045A453 /* WeekView.swift */; };
		3521AEF8291E93C6005A1B47 /* TextView.swift in Sources */ = {isa = PBXBuildFile; fileRef = 3521AEF7291E93C6005A1B47 /* TextView.swift */; };
		3526DD2F291D3C3300B76DD3 /* FourthView.swift in Sources */ = {isa = PBXBuildFile; fileRef = 3526DD2E291D3C3300B76DD3 /* FourthView.swift */; };
		352C47C828FC5781001EC887 /* Extensions.swift in Sources */ = {isa = PBXBuildFile; fileRef = 352C47C728FC5781001EC887 /* Extensions.swift */; };
		3535B1A229016F6900BF16EE /* ExerciseListView.swift in Sources */ = {isa = PBXBuildFile; fileRef = 3535B1A129016F6900BF16EE /* ExerciseListView.swift */; };
		3538982728DC83C900983E1A /* DurationTimerObject.swift in Sources */ = {isa = PBXBuildFile; fileRef = 3538982628DC83C900983E1A /* DurationTimerObject.swift */; };
		3539485528C74AD600EDF0E2 /* WorkoutView.swift in Sources */ = {isa = PBXBuildFile; fileRef = 3539485428C74AD600EDF0E2 /* WorkoutView.swift */; };
		35556F83295D9E030081B538 /* WeightListView.swift in Sources */ = {isa = PBXBuildFile; fileRef = 35556F82295D9E030081B538 /* WeightListView.swift */; };
		3567C96D2940A208002FB477 /* Bell-One.m4r in Resources */ = {isa = PBXBuildFile; fileRef = 3567C96B2940A208002FB477 /* Bell-One.m4r */; };
		3567C96E2940A208002FB477 /* NewSet.m4r in Resources */ = {isa = PBXBuildFile; fileRef = 3567C96C2940A208002FB477 /* NewSet.m4r */; };
		356AA81F28BA363000F9ABC2 /* ProgressView.swift in Sources */ = {isa = PBXBuildFile; fileRef = 356AA81E28BA363000F9ABC2 /* ProgressView.swift */; };
		356B2605294C83E70092C5AC /* DebugView.swift in Sources */ = {isa = PBXBuildFile; fileRef = 356B2604294C83E70092C5AC /* DebugView.swift */; };
		357A6D8D291BE7A800EB6E53 /* Colors.swift in Sources */ = {isa = PBXBuildFile; fileRef = 357A6D8C291BE7A800EB6E53 /* Colors.swift */; };
		357A6D90291C0C6E00EB6E53 /* FirstView.swift in Sources */ = {isa = PBXBuildFile; fileRef = 357A6D8F291C0C6E00EB6E53 /* FirstView.swift */; };
		357A6D92291C0CA700EB6E53 /* SecondView.swift in Sources */ = {isa = PBXBuildFile; fileRef = 357A6D91291C0CA700EB6E53 /* SecondView.swift */; };
		357A6D94291C0CBF00EB6E53 /* ThirdView.swift in Sources */ = {isa = PBXBuildFile; fileRef = 357A6D93291C0CBF00EB6E53 /* ThirdView.swift */; };
		3583A7162915440500743013 /* Onboarding.swift in Sources */ = {isa = PBXBuildFile; fileRef = 3583A7152915440500743013 /* Onboarding.swift */; };
		3583A718291544F200743013 /* UpdateView.swift in Sources */ = {isa = PBXBuildFile; fileRef = 3583A717291544F200743013 /* UpdateView.swift */; };
		35859CE4293E1819000D502B /* Buttons.swift in Sources */ = {isa = PBXBuildFile; fileRef = 35859CE3293E1819000D502B /* Buttons.swift */; };
		35AA081129649100009E753B /* DayModel.swift in Sources */ = {isa = PBXBuildFile; fileRef = 35AA081029649100009E753B /* DayModel.swift */; };
		35AA081329649113009E753B /* DayModel.swift in Sources */ = {isa = PBXBuildFile; fileRef = 35AA081029649100009E753B /* DayModel.swift */; };
		35B3BF6E296720B300AB211F /* UserModel.swift in Sources */ = {isa = PBXBuildFile; fileRef = 35B3BF6D296720B300AB211F /* UserModel.swift */; };
		35B3BF702967710700AB211F /* UserModel.swift in Sources */ = {isa = PBXBuildFile; fileRef = 35B3BF6D296720B300AB211F /* UserModel.swift */; };
		35BACFC6296441BA0069911D /* Assets.xcassets in Resources */ = {isa = PBXBuildFile; fileRef = 35D7B68228B78590000AFDC1 /* Assets.xcassets */; };
		35BB1E4D2965A38700CD06B0 /* Extensions.swift in Sources */ = {isa = PBXBuildFile; fileRef = 352C47C728FC5781001EC887 /* Extensions.swift */; };
		35C1575128EEEF1F00C7B641 /* RestTimerObject.swift in Sources */ = {isa = PBXBuildFile; fileRef = 35C1575028EEEF1F00C7B641 /* RestTimerObject.swift */; };
		35C22BFC2938F9DE0096BC38 /* SoundListView.swift in Sources */ = {isa = PBXBuildFile; fileRef = 35C22BFB2938F9DE0096BC38 /* SoundListView.swift */; };
		35D13D0728CB71F50033D155 /* CurrentStatsView.swift in Sources */ = {isa = PBXBuildFile; fileRef = 35D13D0628CB71F50033D155 /* CurrentStatsView.swift */; };
		35D7B67F28B7858D000AFDC1 /* FitnessApp.swift in Sources */ = {isa = PBXBuildFile; fileRef = 35D7B67E28B7858D000AFDC1 /* FitnessApp.swift */; };
		35D7B68128B7858D000AFDC1 /* ContentView.swift in Sources */ = {isa = PBXBuildFile; fileRef = 35D7B68028B7858D000AFDC1 /* ContentView.swift */; };
		35D7B68328B78590000AFDC1 /* Assets.xcassets in Resources */ = {isa = PBXBuildFile; fileRef = 35D7B68228B78590000AFDC1 /* Assets.xcassets */; };
		35D7B68628B78590000AFDC1 /* Preview Assets.xcassets in Resources */ = {isa = PBXBuildFile; fileRef = 35D7B68528B78590000AFDC1 /* Preview Assets.xcassets */; };
		35D7B68D28B785BB000AFDC1 /* SettingsView.swift in Sources */ = {isa = PBXBuildFile; fileRef = 35D7B68C28B785BB000AFDC1 /* SettingsView.swift */; };
		35EDC1222961BCA300DF6E2A /* WidgetKit.framework in Frameworks */ = {isa = PBXBuildFile; fileRef = 35EDC1212961BCA300DF6E2A /* WidgetKit.framework */; };
		35EDC1242961BCA300DF6E2A /* SwiftUI.framework in Frameworks */ = {isa = PBXBuildFile; fileRef = 35EDC1232961BCA300DF6E2A /* SwiftUI.framework */; };
		35EDC1272961BCA300DF6E2A /* Fitness_WidgetBundle.swift in Sources */ = {isa = PBXBuildFile; fileRef = 35EDC1262961BCA300DF6E2A /* Fitness_WidgetBundle.swift */; };
		35EDC1292961BCA300DF6E2A /* Fitness_WidgetLiveActivity.swift in Sources */ = {isa = PBXBuildFile; fileRef = 35EDC1282961BCA300DF6E2A /* Fitness_WidgetLiveActivity.swift */; };
		35EDC12B2961BCA300DF6E2A /* ProgressWidget.swift in Sources */ = {isa = PBXBuildFile; fileRef = 35EDC12A2961BCA300DF6E2A /* ProgressWidget.swift */; };
		35EDC12D2961BCA400DF6E2A /* Assets.xcassets in Resources */ = {isa = PBXBuildFile; fileRef = 35EDC12C2961BCA400DF6E2A /* Assets.xcassets */; };
		35EDC1312961BCA400DF6E2A /* Fitness WidgetExtension.appex in Embed Foundation Extensions */ = {isa = PBXBuildFile; fileRef = 35EDC11F2961BCA300DF6E2A /* Fitness WidgetExtension.appex */; settings = {ATTRIBUTES = (RemoveHeadersOnCopy, ); }; };
		35F55F69296359F200ED0A71 /* Colors.swift in Sources */ = {isa = PBXBuildFile; fileRef = 357A6D8C291BE7A800EB6E53 /* Colors.swift */; };
		35F55F6B296371E100ED0A71 /* CurrentWeekView.swift in Sources */ = {isa = PBXBuildFile; fileRef = 35F55F6A296371E100ED0A71 /* CurrentWeekView.swift */; };
		35FCF61F28FFF9D7001C2281 /* WeightView.swift in Sources */ = {isa = PBXBuildFile; fileRef = 35FCF61E28FFF9D7001C2281 /* WeightView.swift */; };
		35FCF62129000888001C2281 /* GoalView.swift in Sources */ = {isa = PBXBuildFile; fileRef = 35FCF62029000888001C2281 /* GoalView.swift */; };
/* End PBXBuildFile section */

/* Begin PBXContainerItemProxy section */
		35EDC12F2961BCA400DF6E2A /* PBXContainerItemProxy */ = {
			isa = PBXContainerItemProxy;
			containerPortal = 35D7B67328B7858D000AFDC1 /* Project object */;
			proxyType = 1;
			remoteGlobalIDString = 35EDC11E2961BCA300DF6E2A;
			remoteInfo = "Fitness WidgetExtension";
		};
/* End PBXContainerItemProxy section */

/* Begin PBXCopyFilesBuildPhase section */
		35EDC1322961BCA400DF6E2A /* Embed Foundation Extensions */ = {
			isa = PBXCopyFilesBuildPhase;
			buildActionMask = 2147483647;
			dstPath = "";
			dstSubfolderSpec = 13;
			files = (
				35EDC1312961BCA400DF6E2A /* Fitness WidgetExtension.appex in Embed Foundation Extensions */,
			);
			name = "Embed Foundation Extensions";
			runOnlyForDeploymentPostprocessing = 0;
		};
/* End PBXCopyFilesBuildPhase section */

/* Begin PBXFileReference section */
		3502947B28D4832B00C37C92 /* UserObject.swift */ = {isa = PBXFileReference; lastKnownFileType = sourcecode.swift; path = UserObject.swift; sourceTree = "<group>"; };
		350374342937B11B00DF4306 /* ProgressRow.swift */ = {isa = PBXFileReference; lastKnownFileType = sourcecode.swift; path = ProgressRow.swift; sourceTree = "<group>"; };
		350374372937F0CB00DF4306 /* GoalCardView.swift */ = {isa = PBXFileReference; lastKnownFileType = sourcecode.swift; path = GoalCardView.swift; sourceTree = "<group>"; };
		350374392937F11100DF4306 /* WeightCardView.swift */ = {isa = PBXFileReference; lastKnownFileType = sourcecode.swift; path = WeightCardView.swift; sourceTree = "<group>"; };
		3503743B2937FFE800DF4306 /* CardViewScore.swift */ = {isa = PBXFileReference; lastKnownFileType = sourcecode.swift; path = CardViewScore.swift; sourceTree = "<group>"; };
		350B03AD28CE52E900738A7E /* PopupView.swift */ = {isa = PBXFileReference; lastKnownFileType = sourcecode.swift; path = PopupView.swift; sourceTree = "<group>"; };
		35143A3D293E3527001004D7 /* Attention.m4r */ = {isa = PBXFileReference; lastKnownFileType = file; path = Attention.m4r; sourceTree = "<group>"; };
		35143A44293E59A5001004D7 /* AudioPlayer.swift */ = {isa = PBXFileReference; lastKnownFileType = sourcecode.swift; path = AudioPlayer.swift; sourceTree = "<group>"; };
		3520CB7928DDACA300F85F62 /* CurrentWeek.swift */ = {isa = PBXFileReference; lastKnownFileType = sourcecode.swift; path = CurrentWeek.swift; sourceTree = "<group>"; };
		352137E028CA13750045A453 /* WeekView.swift */ = {isa = PBXFileReference; lastKnownFileType = sourcecode.swift; path = WeekView.swift; sourceTree = "<group>"; };
		3521AEF7291E93C6005A1B47 /* TextView.swift */ = {isa = PBXFileReference; lastKnownFileType = sourcecode.swift; path = TextView.swift; sourceTree = "<group>"; };
		3526DD2E291D3C3300B76DD3 /* FourthView.swift */ = {isa = PBXFileReference; lastKnownFileType = sourcecode.swift; path = FourthView.swift; sourceTree = "<group>"; };
		352C47C728FC5781001EC887 /* Extensions.swift */ = {isa = PBXFileReference; lastKnownFileType = sourcecode.swift; path = Extensions.swift; sourceTree = "<group>"; };
		3535B1A129016F6900BF16EE /* ExerciseListView.swift */ = {isa = PBXFileReference; lastKnownFileType = sourcecode.swift; path = ExerciseListView.swift; sourceTree = "<group>"; };
		3538982628DC83C900983E1A /* DurationTimerObject.swift */ = {isa = PBXFileReference; lastKnownFileType = sourcecode.swift; path = DurationTimerObject.swift; sourceTree = "<group>"; };
		3539485428C74AD600EDF0E2 /* WorkoutView.swift */ = {isa = PBXFileReference; lastKnownFileType = sourcecode.swift; path = WorkoutView.swift; sourceTree = "<group>"; };
		35556F82295D9E030081B538 /* WeightListView.swift */ = {isa = PBXFileReference; lastKnownFileType = sourcecode.swift; path = WeightListView.swift; sourceTree = "<group>"; };
		3567C96B2940A208002FB477 /* Bell-One.m4r */ = {isa = PBXFileReference; lastKnownFileType = file; path = "Bell-One.m4r"; sourceTree = "<group>"; };
		3567C96C2940A208002FB477 /* NewSet.m4r */ = {isa = PBXFileReference; lastKnownFileType = file; path = NewSet.m4r; sourceTree = "<group>"; };
		356AA81E28BA363000F9ABC2 /* ProgressView.swift */ = {isa = PBXFileReference; lastKnownFileType = sourcecode.swift; path = ProgressView.swift; sourceTree = "<group>"; };
		356B2604294C83E70092C5AC /* DebugView.swift */ = {isa = PBXFileReference; lastKnownFileType = sourcecode.swift; path = DebugView.swift; sourceTree = "<group>"; };
		357A6D8C291BE7A800EB6E53 /* Colors.swift */ = {isa = PBXFileReference; lastKnownFileType = sourcecode.swift; path = Colors.swift; sourceTree = "<group>"; };
		357A6D8F291C0C6E00EB6E53 /* FirstView.swift */ = {isa = PBXFileReference; lastKnownFileType = sourcecode.swift; path = FirstView.swift; sourceTree = "<group>"; };
		357A6D91291C0CA700EB6E53 /* SecondView.swift */ = {isa = PBXFileReference; lastKnownFileType = sourcecode.swift; path = SecondView.swift; sourceTree = "<group>"; };
		357A6D93291C0CBF00EB6E53 /* ThirdView.swift */ = {isa = PBXFileReference; lastKnownFileType = sourcecode.swift; path = ThirdView.swift; sourceTree = "<group>"; };
		3583A7152915440500743013 /* Onboarding.swift */ = {isa = PBXFileReference; lastKnownFileType = sourcecode.swift; path = Onboarding.swift; sourceTree = "<group>"; };
		3583A717291544F200743013 /* UpdateView.swift */ = {isa = PBXFileReference; lastKnownFileType = sourcecode.swift; path = UpdateView.swift; sourceTree = "<group>"; };
		35859CE3293E1819000D502B /* Buttons.swift */ = {isa = PBXFileReference; lastKnownFileType = sourcecode.swift; path = Buttons.swift; sourceTree = "<group>"; };
		35AA081029649100009E753B /* DayModel.swift */ = {isa = PBXFileReference; lastKnownFileType = sourcecode.swift; path = DayModel.swift; sourceTree = "<group>"; };
		35B3BF6D296720B300AB211F /* UserModel.swift */ = {isa = PBXFileReference; lastKnownFileType = sourcecode.swift; path = UserModel.swift; sourceTree = "<group>"; };
		35BACFC829646BF00069911D /* Fitness WidgetExtension.entitlements */ = {isa = PBXFileReference; lastKnownFileType = text.plist.entitlements; path = "Fitness WidgetExtension.entitlements"; sourceTree = "<group>"; };
		35BACFC929646C520069911D /* Fitness App.entitlements */ = {isa = PBXFileReference; lastKnownFileType = text.plist.entitlements; path = "Fitness App.entitlements"; sourceTree = "<group>"; };
		35C1575028EEEF1F00C7B641 /* RestTimerObject.swift */ = {isa = PBXFileReference; lastKnownFileType = sourcecode.swift; path = RestTimerObject.swift; sourceTree = "<group>"; };
		35C22BFB2938F9DE0096BC38 /* SoundListView.swift */ = {isa = PBXFileReference; lastKnownFileType = sourcecode.swift; path = SoundListView.swift; sourceTree = "<group>"; };
		35D13D0628CB71F50033D155 /* CurrentStatsView.swift */ = {isa = PBXFileReference; lastKnownFileType = sourcecode.swift; path = CurrentStatsView.swift; sourceTree = "<group>"; };
		35D7B67B28B7858D000AFDC1 /* Fitness App.app */ = {isa = PBXFileReference; explicitFileType = wrapper.application; includeInIndex = 0; path = "Fitness App.app"; sourceTree = BUILT_PRODUCTS_DIR; };
		35D7B67E28B7858D000AFDC1 /* FitnessApp.swift */ = {isa = PBXFileReference; lastKnownFileType = sourcecode.swift; path = FitnessApp.swift; sourceTree = "<group>"; };
		35D7B68028B7858D000AFDC1 /* ContentView.swift */ = {isa = PBXFileReference; lastKnownFileType = sourcecode.swift; path = ContentView.swift; sourceTree = "<group>"; };
		35D7B68228B78590000AFDC1 /* Assets.xcassets */ = {isa = PBXFileReference; lastKnownFileType = folder.assetcatalog; path = Assets.xcassets; sourceTree = "<group>"; };
		35D7B68528B78590000AFDC1 /* Preview Assets.xcassets */ = {isa = PBXFileReference; lastKnownFileType = folder.assetcatalog; path = "Preview Assets.xcassets"; sourceTree = "<group>"; };
		35D7B68C28B785BB000AFDC1 /* SettingsView.swift */ = {isa = PBXFileReference; lastKnownFileType = sourcecode.swift; path = SettingsView.swift; sourceTree = "<group>"; };
		35EDC11F2961BCA300DF6E2A /* Fitness WidgetExtension.appex */ = {isa = PBXFileReference; explicitFileType = "wrapper.app-extension"; includeInIndex = 0; path = "Fitness WidgetExtension.appex"; sourceTree = BUILT_PRODUCTS_DIR; };
		35EDC1212961BCA300DF6E2A /* WidgetKit.framework */ = {isa = PBXFileReference; lastKnownFileType = wrapper.framework; name = WidgetKit.framework; path = System/Library/Frameworks/WidgetKit.framework; sourceTree = SDKROOT; };
		35EDC1232961BCA300DF6E2A /* SwiftUI.framework */ = {isa = PBXFileReference; lastKnownFileType = wrapper.framework; name = SwiftUI.framework; path = System/Library/Frameworks/SwiftUI.framework; sourceTree = SDKROOT; };
		35EDC1262961BCA300DF6E2A /* Fitness_WidgetBundle.swift */ = {isa = PBXFileReference; lastKnownFileType = sourcecode.swift; path = Fitness_WidgetBundle.swift; sourceTree = "<group>"; };
		35EDC1282961BCA300DF6E2A /* Fitness_WidgetLiveActivity.swift */ = {isa = PBXFileReference; lastKnownFileType = sourcecode.swift; path = Fitness_WidgetLiveActivity.swift; sourceTree = "<group>"; };
		35EDC12A2961BCA300DF6E2A /* ProgressWidget.swift */ = {isa = PBXFileReference; lastKnownFileType = sourcecode.swift; path = ProgressWidget.swift; sourceTree = "<group>"; };
		35EDC12C2961BCA400DF6E2A /* Assets.xcassets */ = {isa = PBXFileReference; lastKnownFileType = folder.assetcatalog; path = Assets.xcassets; sourceTree = "<group>"; };
		35EDC12E2961BCA400DF6E2A /* Info.plist */ = {isa = PBXFileReference; lastKnownFileType = text.plist.xml; path = Info.plist; sourceTree = "<group>"; };
		35F55F6A296371E100ED0A71 /* CurrentWeekView.swift */ = {isa = PBXFileReference; lastKnownFileType = sourcecode.swift; path = CurrentWeekView.swift; sourceTree = "<group>"; };
		35FCF61E28FFF9D7001C2281 /* WeightView.swift */ = {isa = PBXFileReference; lastKnownFileType = sourcecode.swift; path = WeightView.swift; sourceTree = "<group>"; };
		35FCF62029000888001C2281 /* GoalView.swift */ = {isa = PBXFileReference; lastKnownFileType = sourcecode.swift; path = GoalView.swift; sourceTree = "<group>"; };
/* End PBXFileReference section */

/* Begin PBXFrameworksBuildPhase section */
		35D7B67828B7858D000AFDC1 /* Frameworks */ = {
			isa = PBXFrameworksBuildPhase;
			buildActionMask = 2147483647;
			files = (
			);
			runOnlyForDeploymentPostprocessing = 0;
		};
		35EDC11C2961BCA300DF6E2A /* Frameworks */ = {
			isa = PBXFrameworksBuildPhase;
			buildActionMask = 2147483647;
			files = (
				35EDC1242961BCA300DF6E2A /* SwiftUI.framework in Frameworks */,
				35EDC1222961BCA300DF6E2A /* WidgetKit.framework in Frameworks */,
			);
			runOnlyForDeploymentPostprocessing = 0;
		};
/* End PBXFrameworksBuildPhase section */

/* Begin PBXGroup section */
		350374332937762800DF4306 /* Progress */ = {
			isa = PBXGroup;
			children = (
				356AA81E28BA363000F9ABC2 /* ProgressView.swift */,
				350374342937B11B00DF4306 /* ProgressRow.swift */,
			);
			path = Progress;
			sourceTree = "<group>";
		};
		350374362937CDD700DF4306 /* Overlay */ = {
			isa = PBXGroup;
			children = (
				35D13D0628CB71F50033D155 /* CurrentStatsView.swift */,
				35556F80295D9CC20081B538 /* Goal */,
				35556F7F295D9CB50081B538 /* Weight */,
				35556F81295D9CD50081B538 /* Score */,
			);
			path = Overlay;
			sourceTree = "<group>";
		};
		350B03AA28CE4E0200738A7E /* User */ = {
			isa = PBXGroup;
			children = (
				35B3BF6D296720B300AB211F /* UserModel.swift */,
				3502947B28D4832B00C37C92 /* UserObject.swift */,
			);
			path = User;
			sourceTree = "<group>";
		};
		35143A3F293E3537001004D7 /* Sounds */ = {
			isa = PBXGroup;
			children = (
				35143A3D293E3527001004D7 /* Attention.m4r */,
				3567C96B2940A208002FB477 /* Bell-One.m4r */,
				3567C96C2940A208002FB477 /* NewSet.m4r */,
			);
			path = Sounds;
			sourceTree = "<group>";
		};
		35308E6B295874EB008BBC95 /* Observed Objects */ = {
			isa = PBXGroup;
			children = (
				3538982628DC83C900983E1A /* DurationTimerObject.swift */,
				35C1575028EEEF1F00C7B641 /* RestTimerObject.swift */,
			);
			path = "Observed Objects";
			sourceTree = "<group>";
		};
		3538982428DC838B00983E1A /* Workout */ = {
			isa = PBXGroup;
			children = (
				3539485428C74AD600EDF0E2 /* WorkoutView.swift */,
				3535B1A129016F6900BF16EE /* ExerciseListView.swift */,
				350B03AD28CE52E900738A7E /* PopupView.swift */,
			);
			path = Workout;
			sourceTree = "<group>";
		};
		3538982528DC839700983E1A /* Dashboard */ = {
			isa = PBXGroup;
			children = (
				35D7B68028B7858D000AFDC1 /* ContentView.swift */,
				352137E028CA13750045A453 /* WeekView.swift */,
			);
			path = Dashboard;
			sourceTree = "<group>";
		};
		35556F7F295D9CB50081B538 /* Weight */ = {
			isa = PBXGroup;
			children = (
				350374392937F11100DF4306 /* WeightCardView.swift */,
				35FCF61E28FFF9D7001C2281 /* WeightView.swift */,
				35556F82295D9E030081B538 /* WeightListView.swift */,
			);
			path = Weight;
			sourceTree = "<group>";
		};
		35556F80295D9CC20081B538 /* Goal */ = {
			isa = PBXGroup;
			children = (
				350374372937F0CB00DF4306 /* GoalCardView.swift */,
				35FCF62029000888001C2281 /* GoalView.swift */,
			);
			path = Goal;
			sourceTree = "<group>";
		};
		35556F81295D9CD50081B538 /* Score */ = {
			isa = PBXGroup;
			children = (
				3503743B2937FFE800DF4306 /* CardViewScore.swift */,
			);
			path = Score;
			sourceTree = "<group>";
		};
		357A6D8E291C0C3700EB6E53 /* Onboarding */ = {
			isa = PBXGroup;
			children = (
				3583A7152915440500743013 /* Onboarding.swift */,
				357A6D8F291C0C6E00EB6E53 /* FirstView.swift */,
				357A6D91291C0CA700EB6E53 /* SecondView.swift */,
				357A6D93291C0CBF00EB6E53 /* ThirdView.swift */,
				3526DD2E291D3C3300B76DD3 /* FourthView.swift */,
			);
			path = Onboarding;
			sourceTree = "<group>";
		};
		357A6D97291C16DA00EB6E53 /* UI Elements */ = {
			isa = PBXGroup;
			children = (
				357A6D8C291BE7A800EB6E53 /* Colors.swift */,
				3521AEF7291E93C6005A1B47 /* TextView.swift */,
				35859CE3293E1819000D502B /* Buttons.swift */,
			);
			path = "UI Elements";
			sourceTree = "<group>";
		};
		35AA080F29648DDB009E753B /* Satic Widgets */ = {
			isa = PBXGroup;
			children = (
				35EDC12A2961BCA300DF6E2A /* ProgressWidget.swift */,
				35F55F6A296371E100ED0A71 /* CurrentWeekView.swift */,
			);
			path = "Satic Widgets";
			sourceTree = "<group>";
		};
		35C22BFA2938F9CB0096BC38 /* Settings */ = {
			isa = PBXGroup;
			children = (
				35D7B68C28B785BB000AFDC1 /* SettingsView.swift */,
				35C22BFB2938F9DE0096BC38 /* SoundListView.swift */,
				356B2604294C83E70092C5AC /* DebugView.swift */,
			);
			path = Settings;
			sourceTree = "<group>";
		};
		35CD6D1828D8828200200E4E /* Extensions */ = {
			isa = PBXGroup;
			children = (
				35143A44293E59A5001004D7 /* AudioPlayer.swift */,
				3520CB7928DDACA300F85F62 /* CurrentWeek.swift */,
				35AA081029649100009E753B /* DayModel.swift */,
				352C47C728FC5781001EC887 /* Extensions.swift */,
			);
			path = Extensions;
			sourceTree = "<group>";
		};
		35D7B67228B7858D000AFDC1 = {
			isa = PBXGroup;
			children = (
				35BACFC929646C520069911D /* Fitness App.entitlements */,
				35BACFC829646BF00069911D /* Fitness WidgetExtension.entitlements */,
				35D7B67D28B7858D000AFDC1 /* FitnessApp */,
				35EDC1252961BCA300DF6E2A /* Fitness Widget */,
				35EDC1202961BCA300DF6E2A /* Frameworks */,
				35D7B67C28B7858D000AFDC1 /* Products */,
			);
			sourceTree = "<group>";
		};
		35D7B67C28B7858D000AFDC1 /* Products */ = {
			isa = PBXGroup;
			children = (
				35D7B67B28B7858D000AFDC1 /* Fitness App.app */,
				35EDC11F2961BCA300DF6E2A /* Fitness WidgetExtension.appex */,
			);
			name = Products;
			sourceTree = "<group>";
		};
		35D7B67D28B7858D000AFDC1 /* FitnessApp */ = {
			isa = PBXGroup;
			children = (
				35D7B67E28B7858D000AFDC1 /* FitnessApp.swift */,
				3583A717291544F200743013 /* UpdateView.swift */,
				350B03AA28CE4E0200738A7E /* User */,
				357A6D8E291C0C3700EB6E53 /* Onboarding */,
				3538982528DC839700983E1A /* Dashboard */,
				350374362937CDD700DF4306 /* Overlay */,
				35C22BFA2938F9CB0096BC38 /* Settings */,
				350374332937762800DF4306 /* Progress */,
				3538982428DC838B00983E1A /* Workout */,
				35308E6B295874EB008BBC95 /* Observed Objects */,
				35CD6D1828D8828200200E4E /* Extensions */,
				357A6D97291C16DA00EB6E53 /* UI Elements */,
				35D7B68228B78590000AFDC1 /* Assets.xcassets */,
				35143A3F293E3537001004D7 /* Sounds */,
				35D7B68428B78590000AFDC1 /* Preview Content */,
			);
			path = FitnessApp;
			sourceTree = "<group>";
		};
		35D7B68428B78590000AFDC1 /* Preview Content */ = {
			isa = PBXGroup;
			children = (
				35D7B68528B78590000AFDC1 /* Preview Assets.xcassets */,
			);
			path = "Preview Content";
			sourceTree = "<group>";
		};
		35EDC1202961BCA300DF6E2A /* Frameworks */ = {
			isa = PBXGroup;
			children = (
				35EDC1212961BCA300DF6E2A /* WidgetKit.framework */,
				35EDC1232961BCA300DF6E2A /* SwiftUI.framework */,
			);
			name = Frameworks;
			sourceTree = "<group>";
		};
		35EDC1252961BCA300DF6E2A /* Fitness Widget */ = {
			isa = PBXGroup;
			children = (
				35EDC1262961BCA300DF6E2A /* Fitness_WidgetBundle.swift */,
				35EDC1282961BCA300DF6E2A /* Fitness_WidgetLiveActivity.swift */,
				35AA080F29648DDB009E753B /* Satic Widgets */,
				35EDC12C2961BCA400DF6E2A /* Assets.xcassets */,
				35EDC12E2961BCA400DF6E2A /* Info.plist */,
			);
			path = "Fitness Widget";
			sourceTree = "<group>";
		};
/* End PBXGroup section */

/* Begin PBXNativeTarget section */
		35D7B67A28B7858D000AFDC1 /* Fitness App */ = {
			isa = PBXNativeTarget;
			buildConfigurationList = 35D7B68928B78590000AFDC1 /* Build configuration list for PBXNativeTarget "Fitness App" */;
			buildPhases = (
				35D7B67728B7858D000AFDC1 /* Sources */,
				35D7B67828B7858D000AFDC1 /* Frameworks */,
				35D7B67928B7858D000AFDC1 /* Resources */,
				35EDC1322961BCA400DF6E2A /* Embed Foundation Extensions */,
			);
			buildRules = (
			);
			dependencies = (
				35EDC1302961BCA400DF6E2A /* PBXTargetDependency */,
			);
			name = "Fitness App";
			productName = GetMoving;
			productReference = 35D7B67B28B7858D000AFDC1 /* Fitness App.app */;
			productType = "com.apple.product-type.application";
		};
		35EDC11E2961BCA300DF6E2A /* Fitness WidgetExtension */ = {
			isa = PBXNativeTarget;
			buildConfigurationList = 35EDC1352961BCA400DF6E2A /* Build configuration list for PBXNativeTarget "Fitness WidgetExtension" */;
			buildPhases = (
				35EDC11B2961BCA300DF6E2A /* Sources */,
				35EDC11C2961BCA300DF6E2A /* Frameworks */,
				35EDC11D2961BCA300DF6E2A /* Resources */,
			);
			buildRules = (
			);
			dependencies = (
			);
			name = "Fitness WidgetExtension";
			productName = "Fitness WidgetExtension";
			productReference = 35EDC11F2961BCA300DF6E2A /* Fitness WidgetExtension.appex */;
			productType = "com.apple.product-type.app-extension";
		};
/* End PBXNativeTarget section */

/* Begin PBXProject section */
		35D7B67328B7858D000AFDC1 /* Project object */ = {
			isa = PBXProject;
			attributes = {
				BuildIndependentTargetsInParallel = 1;
				LastSwiftUpdateCheck = 1420;
				LastUpgradeCheck = 1340;
				TargetAttributes = {
					35D7B67A28B7858D000AFDC1 = {
						CreatedOnToolsVersion = 13.4.1;
					};
					35EDC11E2961BCA300DF6E2A = {
						CreatedOnToolsVersion = 14.2;
					};
				};
			};
			buildConfigurationList = 35D7B67628B7858D000AFDC1 /* Build configuration list for PBXProject "FitnessApp" */;
			compatibilityVersion = "Xcode 13.0";
			developmentRegion = en;
			hasScannedForEncodings = 0;
			knownRegions = (
				en,
				Base,
			);
			mainGroup = 35D7B67228B7858D000AFDC1;
			productRefGroup = 35D7B67C28B7858D000AFDC1 /* Products */;
			projectDirPath = "";
			projectRoot = "";
			targets = (
				35D7B67A28B7858D000AFDC1 /* Fitness App */,
				35EDC11E2961BCA300DF6E2A /* Fitness WidgetExtension */,
			);
		};
/* End PBXProject section */

/* Begin PBXResourcesBuildPhase section */
		35D7B67928B7858D000AFDC1 /* Resources */ = {
			isa = PBXResourcesBuildPhase;
			buildActionMask = 2147483647;
			files = (
				35D7B68628B78590000AFDC1 /* Preview Assets.xcassets in Resources */,
				35D7B68328B78590000AFDC1 /* Assets.xcassets in Resources */,
				35143A3E293E3527001004D7 /* Attention.m4r in Resources */,
				3567C96E2940A208002FB477 /* NewSet.m4r in Resources */,
				3567C96D2940A208002FB477 /* Bell-One.m4r in Resources */,
			);
			runOnlyForDeploymentPostprocessing = 0;
		};
		35EDC11D2961BCA300DF6E2A /* Resources */ = {
			isa = PBXResourcesBuildPhase;
			buildActionMask = 2147483647;
			files = (
				35BACFC6296441BA0069911D /* Assets.xcassets in Resources */,
				35EDC12D2961BCA400DF6E2A /* Assets.xcassets in Resources */,
			);
			runOnlyForDeploymentPostprocessing = 0;
		};
/* End PBXResourcesBuildPhase section */

/* Begin PBXSourcesBuildPhase section */
		35D7B67728B7858D000AFDC1 /* Sources */ = {
			isa = PBXSourcesBuildPhase;
			buildActionMask = 2147483647;
			files = (
				35556F83295D9E030081B538 /* WeightListView.swift in Sources */,
				3538982728DC83C900983E1A /* DurationTimerObject.swift in Sources */,
				350B03AE28CE52E900738A7E /* PopupView.swift in Sources */,
				35D7B68D28B785BB000AFDC1 /* SettingsView.swift in Sources */,
				356AA81F28BA363000F9ABC2 /* ProgressView.swift in Sources */,
				3503743A2937F11100DF4306 /* WeightCardView.swift in Sources */,
				35D7B68128B7858D000AFDC1 /* ContentView.swift in Sources */,
				35AA081129649100009E753B /* DayModel.swift in Sources */,
				350374382937F0CB00DF4306 /* GoalCardView.swift in Sources */,
				3535B1A229016F6900BF16EE /* ExerciseListView.swift in Sources */,
				3583A7162915440500743013 /* Onboarding.swift in Sources */,
				35859CE4293E1819000D502B /* Buttons.swift in Sources */,
				3503743C2937FFE800DF4306 /* CardViewScore.swift in Sources */,
				352137E128CA13750045A453 /* WeekView.swift in Sources */,
				3520CB7A28DDACA300F85F62 /* CurrentWeek.swift in Sources */,
				357A6D90291C0C6E00EB6E53 /* FirstView.swift in Sources */,
				35B3BF6E296720B300AB211F /* UserModel.swift in Sources */,
				35D13D0728CB71F50033D155 /* CurrentStatsView.swift in Sources */,
				35C22BFC2938F9DE0096BC38 /* SoundListView.swift in Sources */,
				357A6D8D291BE7A800EB6E53 /* Colors.swift in Sources */,
				35FCF62129000888001C2281 /* GoalView.swift in Sources */,
				3526DD2F291D3C3300B76DD3 /* FourthView.swift in Sources */,
				352C47C828FC5781001EC887 /* Extensions.swift in Sources */,
				350374352937B11B00DF4306 /* ProgressRow.swift in Sources */,
				35C1575128EEEF1F00C7B641 /* RestTimerObject.swift in Sources */,
				357A6D94291C0CBF00EB6E53 /* ThirdView.swift in Sources */,
				3539485528C74AD600EDF0E2 /* WorkoutView.swift in Sources */,
				3502947C28D4832B00C37C92 /* UserObject.swift in Sources */,
				35143A45293E59A5001004D7 /* AudioPlayer.swift in Sources */,
				35FCF61F28FFF9D7001C2281 /* WeightView.swift in Sources */,
				3583A718291544F200743013 /* UpdateView.swift in Sources */,
				357A6D92291C0CA700EB6E53 /* SecondView.swift in Sources */,
				356B2605294C83E70092C5AC /* DebugView.swift in Sources */,
				3521AEF8291E93C6005A1B47 /* TextView.swift in Sources */,
				35D7B67F28B7858D000AFDC1 /* FitnessApp.swift in Sources */,
			);
			runOnlyForDeploymentPostprocessing = 0;
		};
		35EDC11B2961BCA300DF6E2A /* Sources */ = {
			isa = PBXSourcesBuildPhase;
			buildActionMask = 2147483647;
			files = (
				35EDC1292961BCA300DF6E2A /* Fitness_WidgetLiveActivity.swift in Sources */,
				35F55F6B296371E100ED0A71 /* CurrentWeekView.swift in Sources */,
				35B3BF702967710700AB211F /* UserModel.swift in Sources */,
				35AA081329649113009E753B /* DayModel.swift in Sources */,
				35BB1E4D2965A38700CD06B0 /* Extensions.swift in Sources */,
				35F55F69296359F200ED0A71 /* Colors.swift in Sources */,
				35EDC1272961BCA300DF6E2A /* Fitness_WidgetBundle.swift in Sources */,
				35EDC12B2961BCA300DF6E2A /* ProgressWidget.swift in Sources */,
			);
			runOnlyForDeploymentPostprocessing = 0;
		};
/* End PBXSourcesBuildPhase section */

/* Begin PBXTargetDependency section */
		35EDC1302961BCA400DF6E2A /* PBXTargetDependency */ = {
			isa = PBXTargetDependency;
			target = 35EDC11E2961BCA300DF6E2A /* Fitness WidgetExtension */;
			targetProxy = 35EDC12F2961BCA400DF6E2A /* PBXContainerItemProxy */;
		};
/* End PBXTargetDependency section */

/* Begin XCBuildConfiguration section */
		35D7B68728B78590000AFDC1 /* Debug */ = {
			isa = XCBuildConfiguration;
			buildSettings = {
				ALWAYS_SEARCH_USER_PATHS = NO;
				CLANG_ANALYZER_NONNULL = YES;
				CLANG_ANALYZER_NUMBER_OBJECT_CONVERSION = YES_AGGRESSIVE;
				CLANG_CXX_LANGUAGE_STANDARD = "gnu++17";
				CLANG_ENABLE_MODULES = YES;
				CLANG_ENABLE_OBJC_ARC = YES;
				CLANG_ENABLE_OBJC_WEAK = YES;
				CLANG_WARN_BLOCK_CAPTURE_AUTORELEASING = YES;
				CLANG_WARN_BOOL_CONVERSION = YES;
				CLANG_WARN_COMMA = YES;
				CLANG_WARN_CONSTANT_CONVERSION = YES;
				CLANG_WARN_DEPRECATED_OBJC_IMPLEMENTATIONS = YES;
				CLANG_WARN_DIRECT_OBJC_ISA_USAGE = YES_ERROR;
				CLANG_WARN_DOCUMENTATION_COMMENTS = YES;
				CLANG_WARN_EMPTY_BODY = YES;
				CLANG_WARN_ENUM_CONVERSION = YES;
				CLANG_WARN_INFINITE_RECURSION = YES;
				CLANG_WARN_INT_CONVERSION = YES;
				CLANG_WARN_NON_LITERAL_NULL_CONVERSION = YES;
				CLANG_WARN_OBJC_IMPLICIT_RETAIN_SELF = YES;
				CLANG_WARN_OBJC_LITERAL_CONVERSION = YES;
				CLANG_WARN_OBJC_ROOT_CLASS = YES_ERROR;
				CLANG_WARN_QUOTED_INCLUDE_IN_FRAMEWORK_HEADER = YES;
				CLANG_WARN_RANGE_LOOP_ANALYSIS = YES;
				CLANG_WARN_STRICT_PROTOTYPES = YES;
				CLANG_WARN_SUSPICIOUS_MOVE = YES;
				CLANG_WARN_UNGUARDED_AVAILABILITY = YES_AGGRESSIVE;
				CLANG_WARN_UNREACHABLE_CODE = YES;
				CLANG_WARN__DUPLICATE_METHOD_MATCH = YES;
				COPY_PHASE_STRIP = NO;
				DEBUG_INFORMATION_FORMAT = dwarf;
				ENABLE_STRICT_OBJC_MSGSEND = YES;
				ENABLE_TESTABILITY = YES;
				GCC_C_LANGUAGE_STANDARD = gnu11;
				GCC_DYNAMIC_NO_PIC = NO;
				GCC_NO_COMMON_BLOCKS = YES;
				GCC_OPTIMIZATION_LEVEL = 0;
				GCC_PREPROCESSOR_DEFINITIONS = (
					"DEBUG=1",
					"$(inherited)",
				);
				GCC_WARN_64_TO_32_BIT_CONVERSION = YES;
				GCC_WARN_ABOUT_RETURN_TYPE = YES_ERROR;
				GCC_WARN_UNDECLARED_SELECTOR = YES;
				GCC_WARN_UNINITIALIZED_AUTOS = YES_AGGRESSIVE;
				GCC_WARN_UNUSED_FUNCTION = YES;
				GCC_WARN_UNUSED_VARIABLE = YES;
				IPHONEOS_DEPLOYMENT_TARGET = 15.6;
				MTL_ENABLE_DEBUG_INFO = INCLUDE_SOURCE;
				MTL_FAST_MATH = YES;
				ONLY_ACTIVE_ARCH = YES;
				SDKROOT = iphoneos;
				SWIFT_ACTIVE_COMPILATION_CONDITIONS = DEBUG;
				SWIFT_OPTIMIZATION_LEVEL = "-Onone";
			};
			name = Debug;
		};
		35D7B68828B78590000AFDC1 /* Release */ = {
			isa = XCBuildConfiguration;
			buildSettings = {
				ALWAYS_SEARCH_USER_PATHS = NO;
				CLANG_ANALYZER_NONNULL = YES;
				CLANG_ANALYZER_NUMBER_OBJECT_CONVERSION = YES_AGGRESSIVE;
				CLANG_CXX_LANGUAGE_STANDARD = "gnu++17";
				CLANG_ENABLE_MODULES = YES;
				CLANG_ENABLE_OBJC_ARC = YES;
				CLANG_ENABLE_OBJC_WEAK = YES;
				CLANG_WARN_BLOCK_CAPTURE_AUTORELEASING = YES;
				CLANG_WARN_BOOL_CONVERSION = YES;
				CLANG_WARN_COMMA = YES;
				CLANG_WARN_CONSTANT_CONVERSION = YES;
				CLANG_WARN_DEPRECATED_OBJC_IMPLEMENTATIONS = YES;
				CLANG_WARN_DIRECT_OBJC_ISA_USAGE = YES_ERROR;
				CLANG_WARN_DOCUMENTATION_COMMENTS = YES;
				CLANG_WARN_EMPTY_BODY = YES;
				CLANG_WARN_ENUM_CONVERSION = YES;
				CLANG_WARN_INFINITE_RECURSION = YES;
				CLANG_WARN_INT_CONVERSION = YES;
				CLANG_WARN_NON_LITERAL_NULL_CONVERSION = YES;
				CLANG_WARN_OBJC_IMPLICIT_RETAIN_SELF = YES;
				CLANG_WARN_OBJC_LITERAL_CONVERSION = YES;
				CLANG_WARN_OBJC_ROOT_CLASS = YES_ERROR;
				CLANG_WARN_QUOTED_INCLUDE_IN_FRAMEWORK_HEADER = YES;
				CLANG_WARN_RANGE_LOOP_ANALYSIS = YES;
				CLANG_WARN_STRICT_PROTOTYPES = YES;
				CLANG_WARN_SUSPICIOUS_MOVE = YES;
				CLANG_WARN_UNGUARDED_AVAILABILITY = YES_AGGRESSIVE;
				CLANG_WARN_UNREACHABLE_CODE = YES;
				CLANG_WARN__DUPLICATE_METHOD_MATCH = YES;
				COPY_PHASE_STRIP = NO;
				DEBUG_INFORMATION_FORMAT = "dwarf-with-dsym";
				ENABLE_NS_ASSERTIONS = NO;
				ENABLE_STRICT_OBJC_MSGSEND = YES;
				GCC_C_LANGUAGE_STANDARD = gnu11;
				GCC_NO_COMMON_BLOCKS = YES;
				GCC_WARN_64_TO_32_BIT_CONVERSION = YES;
				GCC_WARN_ABOUT_RETURN_TYPE = YES_ERROR;
				GCC_WARN_UNDECLARED_SELECTOR = YES;
				GCC_WARN_UNINITIALIZED_AUTOS = YES_AGGRESSIVE;
				GCC_WARN_UNUSED_FUNCTION = YES;
				GCC_WARN_UNUSED_VARIABLE = YES;
				IPHONEOS_DEPLOYMENT_TARGET = 15.6;
				MTL_ENABLE_DEBUG_INFO = NO;
				MTL_FAST_MATH = YES;
				SDKROOT = iphoneos;
				SWIFT_COMPILATION_MODE = wholemodule;
				SWIFT_OPTIMIZATION_LEVEL = "-O";
				VALIDATE_PRODUCT = YES;
			};
			name = Release;
		};
		35D7B68A28B78590000AFDC1 /* Debug */ = {
			isa = XCBuildConfiguration;
			buildSettings = {
				ALWAYS_EMBED_SWIFT_STANDARD_LIBRARIES = YES;
				ASSETCATALOG_COMPILER_APPICON_NAME = AppIcon;
				ASSETCATALOG_COMPILER_GLOBAL_ACCENT_COLOR_NAME = AccentColor;
				ASSETCATALOG_COMPILER_INCLUDE_ALL_APPICON_ASSETS = YES;
				CODE_SIGN_ENTITLEMENTS = "Fitness App.entitlements";
				CODE_SIGN_STYLE = Automatic;
				CURRENT_PROJECT_VERSION = 0.0.8;
				DEVELOPMENT_ASSET_PATHS = "\"FitnessApp/Preview Content\"";
				DEVELOPMENT_TEAM = B6ULY2T7X7;
				ENABLE_PREVIEWS = YES;
				GENERATE_INFOPLIST_FILE = YES;
				INFOPLIST_FILE = "Fitnessential-Info.plist";
				INFOPLIST_KEY_CFBundleDisplayName = "Fitness App";
				INFOPLIST_KEY_LSApplicationCategoryType = "public.app-category.healthcare-fitness";
				INFOPLIST_KEY_UIApplicationSceneManifest_Generation = YES;
				INFOPLIST_KEY_UIApplicationSupportsIndirectInputEvents = YES;
				INFOPLIST_KEY_UILaunchScreen_Generation = YES;
				INFOPLIST_KEY_UISupportedInterfaceOrientations = UIInterfaceOrientationPortrait;
				INFOPLIST_KEY_UISupportedInterfaceOrientations_iPad = "UIInterfaceOrientationLandscapeLeft UIInterfaceOrientationLandscapeRight UIInterfaceOrientationPortrait UIInterfaceOrientationPortraitUpsideDown";
				IPHONEOS_DEPLOYMENT_TARGET = 16.1;
				LD_RUNPATH_SEARCH_PATHS = (
					"$(inherited)",
					"@executable_path/Frameworks",
				);
				MACOSX_DEPLOYMENT_TARGET = 13.0;
				MARKETING_VERSION = 0.0.8;
				PRODUCT_BUNDLE_IDENTIFIER = "BETA-CODE.Fitnessential";
				PRODUCT_NAME = "$(TARGET_NAME)";
				SUPPORTED_PLATFORMS = "iphoneos iphonesimulator";
				SUPPORTS_MACCATALYST = NO;
				SUPPORTS_MAC_DESIGNED_FOR_IPHONE_IPAD = NO;
				SWIFT_EMIT_LOC_STRINGS = YES;
				SWIFT_VERSION = 5.0;
				TARGETED_DEVICE_FAMILY = 1;
			};
			name = Debug;
		};
		35D7B68B28B78590000AFDC1 /* Release */ = {
			isa = XCBuildConfiguration;
			buildSettings = {
				ALWAYS_EMBED_SWIFT_STANDARD_LIBRARIES = YES;
				ASSETCATALOG_COMPILER_APPICON_NAME = AppIcon;
				ASSETCATALOG_COMPILER_GLOBAL_ACCENT_COLOR_NAME = AccentColor;
				ASSETCATALOG_COMPILER_INCLUDE_ALL_APPICON_ASSETS = YES;
				CODE_SIGN_ENTITLEMENTS = "Fitness App.entitlements";
				CODE_SIGN_STYLE = Automatic;
				CURRENT_PROJECT_VERSION = 0.0.8;
				DEVELOPMENT_ASSET_PATHS = "\"FitnessApp/Preview Content\"";
				DEVELOPMENT_TEAM = B6ULY2T7X7;
				ENABLE_PREVIEWS = YES;
				GENERATE_INFOPLIST_FILE = YES;
				INFOPLIST_FILE = "Fitnessential-Info.plist";
				INFOPLIST_KEY_CFBundleDisplayName = "Fitness App";
				INFOPLIST_KEY_LSApplicationCategoryType = "public.app-category.healthcare-fitness";
				INFOPLIST_KEY_UIApplicationSceneManifest_Generation = YES;
				INFOPLIST_KEY_UIApplicationSupportsIndirectInputEvents = YES;
				INFOPLIST_KEY_UILaunchScreen_Generation = YES;
				INFOPLIST_KEY_UISupportedInterfaceOrientations = UIInterfaceOrientationPortrait;
				INFOPLIST_KEY_UISupportedInterfaceOrientations_iPad = "UIInterfaceOrientationLandscapeLeft UIInterfaceOrientationLandscapeRight UIInterfaceOrientationPortrait UIInterfaceOrientationPortraitUpsideDown";
				IPHONEOS_DEPLOYMENT_TARGET = 16.1;
				LD_RUNPATH_SEARCH_PATHS = (
					"$(inherited)",
					"@executable_path/Frameworks",
				);
				MACOSX_DEPLOYMENT_TARGET = 13.0;
				MARKETING_VERSION = 0.0.8;
				PRODUCT_BUNDLE_IDENTIFIER = "BETA-CODE.Fitnessential";
				PRODUCT_NAME = "$(TARGET_NAME)";
				SUPPORTED_PLATFORMS = "iphoneos iphonesimulator";
				SUPPORTS_MACCATALYST = NO;
				SUPPORTS_MAC_DESIGNED_FOR_IPHONE_IPAD = NO;
				SWIFT_EMIT_LOC_STRINGS = YES;
				SWIFT_VERSION = 5.0;
				TARGETED_DEVICE_FAMILY = 1;
			};
			name = Release;
		};
		35EDC1332961BCA400DF6E2A /* Debug */ = {
			isa = XCBuildConfiguration;
			buildSettings = {
				ASSETCATALOG_COMPILER_GLOBAL_ACCENT_COLOR_NAME = AccentColor;
				ASSETCATALOG_COMPILER_WIDGET_BACKGROUND_COLOR_NAME = WidgetBackground;
				CLANG_CXX_LANGUAGE_STANDARD = "gnu++20";
				CODE_SIGN_ENTITLEMENTS = "Fitness WidgetExtension.entitlements";
				CODE_SIGN_STYLE = Automatic;
				CURRENT_PROJECT_VERSION = 0.0.8;
				DEVELOPMENT_TEAM = B6ULY2T7X7;
				GENERATE_INFOPLIST_FILE = YES;
				INFOPLIST_FILE = "Fitness Widget/Info.plist";
				INFOPLIST_KEY_CFBundleDisplayName = "Fitness Widget";
				INFOPLIST_KEY_NSHumanReadableCopyright = "";
				IPHONEOS_DEPLOYMENT_TARGET = 16.2;
				LD_RUNPATH_SEARCH_PATHS = (
					"$(inherited)",
					"@executable_path/Frameworks",
					"@executable_path/../../Frameworks",
				);
				MARKETING_VERSION = 0.0.8;
				PRODUCT_BUNDLE_IDENTIFIER = "BETA-CODE.Fitnessential.Fitness-Widget";
				PRODUCT_NAME = "$(TARGET_NAME)";
				SKIP_INSTALL = YES;
				SWIFT_EMIT_LOC_STRINGS = YES;
				SWIFT_VERSION = 5.0;
				TARGETED_DEVICE_FAMILY = 1;
			};
			name = Debug;
		};
		35EDC1342961BCA400DF6E2A /* Release */ = {
			isa = XCBuildConfiguration;
			buildSettings = {
				ASSETCATALOG_COMPILER_GLOBAL_ACCENT_COLOR_NAME = AccentColor;
				ASSETCATALOG_COMPILER_WIDGET_BACKGROUND_COLOR_NAME = WidgetBackground;
				CLANG_CXX_LANGUAGE_STANDARD = "gnu++20";
				CODE_SIGN_ENTITLEMENTS = "Fitness WidgetExtension.entitlements";
				CODE_SIGN_STYLE = Automatic;
				CURRENT_PROJECT_VERSION = 0.0.8;
				DEVELOPMENT_TEAM = B6ULY2T7X7;
				GENERATE_INFOPLIST_FILE = YES;
				INFOPLIST_FILE = "Fitness Widget/Info.plist";
				INFOPLIST_KEY_CFBundleDisplayName = "Fitness Widget";
				INFOPLIST_KEY_NSHumanReadableCopyright = "";
				IPHONEOS_DEPLOYMENT_TARGET = 16.2;
				LD_RUNPATH_SEARCH_PATHS = (
					"$(inherited)",
					"@executable_path/Frameworks",
					"@executable_path/../../Frameworks",
				);
				MARKETING_VERSION = 0.0.8;
				PRODUCT_BUNDLE_IDENTIFIER = "BETA-CODE.Fitnessential.Fitness-Widget";
				PRODUCT_NAME = "$(TARGET_NAME)";
				SKIP_INSTALL = YES;
				SWIFT_EMIT_LOC_STRINGS = YES;
				SWIFT_VERSION = 5.0;
				TARGETED_DEVICE_FAMILY = 1;
			};
			name = Release;
		};
/* End XCBuildConfiguration section */

/* Begin XCConfigurationList section */
		35D7B67628B7858D000AFDC1 /* Build configuration list for PBXProject "FitnessApp" */ = {
			isa = XCConfigurationList;
			buildConfigurations = (
				35D7B68728B78590000AFDC1 /* Debug */,
				35D7B68828B78590000AFDC1 /* Release */,
			);
			defaultConfigurationIsVisible = 0;
			defaultConfigurationName = Release;
		};
		35D7B68928B78590000AFDC1 /* Build configuration list for PBXNativeTarget "Fitness App" */ = {
			isa = XCConfigurationList;
			buildConfigurations = (
				35D7B68A28B78590000AFDC1 /* Debug */,
				35D7B68B28B78590000AFDC1 /* Release */,
			);
			defaultConfigurationIsVisible = 0;
			defaultConfigurationName = Release;
		};
		35EDC1352961BCA400DF6E2A /* Build configuration list for PBXNativeTarget "Fitness WidgetExtension" */ = {
			isa = XCConfigurationList;
			buildConfigurations = (
				35EDC1332961BCA400DF6E2A /* Debug */,
				35EDC1342961BCA400DF6E2A /* Release */,
			);
			defaultConfigurationIsVisible = 0;
			defaultConfigurationName = Release;
		};
/* End XCConfigurationList section */
	};
	rootObject = 35D7B67328B7858D000AFDC1 /* Project object */;
}
