// !$*UTF8*$!
{
	archiveVersion = 1;
	classes = {
	};
	objectVersion = 55;
	objects = {

/* Begin PBXBuildFile section */
		3502947C28D4832B00C37C92 /* User.swift in Sources */ = {isa = PBXBuildFile; fileRef = 3502947B28D4832B00C37C92 /* User.swift */; };
		350B03AE28CE52E900738A7E /* PopupView.swift in Sources */ = {isa = PBXBuildFile; fileRef = 350B03AD28CE52E900738A7E /* PopupView.swift */; };
		3520CB7A28DDACA300F85F62 /* CurrentWeek.swift in Sources */ = {isa = PBXBuildFile; fileRef = 3520CB7928DDACA300F85F62 /* CurrentWeek.swift */; };
		352137E128CA13750045A453 /* WeekView.swift in Sources */ = {isa = PBXBuildFile; fileRef = 352137E028CA13750045A453 /* WeekView.swift */; };
		352C47C828FC5781001EC887 /* TimeStringExtension.swift in Sources */ = {isa = PBXBuildFile; fileRef = 352C47C728FC5781001EC887 /* TimeStringExtension.swift */; };
		3535B1A229016F6900BF16EE /* ExerciseListView.swift in Sources */ = {isa = PBXBuildFile; fileRef = 3535B1A129016F6900BF16EE /* ExerciseListView.swift */; };
		3538982728DC83C900983E1A /* StopwatchFunctions.swift in Sources */ = {isa = PBXBuildFile; fileRef = 3538982628DC83C900983E1A /* StopwatchFunctions.swift */; };
		3539485528C74AD600EDF0E2 /* WorkoutView.swift in Sources */ = {isa = PBXBuildFile; fileRef = 3539485428C74AD600EDF0E2 /* WorkoutView.swift */; };
		353C0F502901BB2D00A12930 /* Exercise.swift in Sources */ = {isa = PBXBuildFile; fileRef = 353C0F4F2901BB2D00A12930 /* Exercise.swift */; };
		356AA81F28BA363000F9ABC2 /* ProgressView.swift in Sources */ = {isa = PBXBuildFile; fileRef = 356AA81E28BA363000F9ABC2 /* ProgressView.swift */; };
		35C1575128EEEF1F00C7B641 /* PauseTimerFunctions.swift in Sources */ = {isa = PBXBuildFile; fileRef = 35C1575028EEEF1F00C7B641 /* PauseTimerFunctions.swift */; };
		35D13D0728CB71F50033D155 /* CurrentStatsView.swift in Sources */ = {isa = PBXBuildFile; fileRef = 35D13D0628CB71F50033D155 /* CurrentStatsView.swift */; };
		35D7B67F28B7858D000AFDC1 /* FitnessApp.swift in Sources */ = {isa = PBXBuildFile; fileRef = 35D7B67E28B7858D000AFDC1 /* FitnessApp.swift */; };
		35D7B68128B7858D000AFDC1 /* ContentView.swift in Sources */ = {isa = PBXBuildFile; fileRef = 35D7B68028B7858D000AFDC1 /* ContentView.swift */; };
		35D7B68328B78590000AFDC1 /* Assets.xcassets in Resources */ = {isa = PBXBuildFile; fileRef = 35D7B68228B78590000AFDC1 /* Assets.xcassets */; };
		35D7B68628B78590000AFDC1 /* Preview Assets.xcassets in Resources */ = {isa = PBXBuildFile; fileRef = 35D7B68528B78590000AFDC1 /* Preview Assets.xcassets */; };
		35D7B68D28B785BB000AFDC1 /* SettingsView.swift in Sources */ = {isa = PBXBuildFile; fileRef = 35D7B68C28B785BB000AFDC1 /* SettingsView.swift */; };
		35FCF61F28FFF9D7001C2281 /* WeightView.swift in Sources */ = {isa = PBXBuildFile; fileRef = 35FCF61E28FFF9D7001C2281 /* WeightView.swift */; };
		35FCF62129000888001C2281 /* TargetView.swift in Sources */ = {isa = PBXBuildFile; fileRef = 35FCF62029000888001C2281 /* TargetView.swift */; };
		35FE2A5928BE156200291982 /* Workout.swift in Sources */ = {isa = PBXBuildFile; fileRef = 35FE2A5828BE156200291982 /* Workout.swift */; };
/* End PBXBuildFile section */

/* Begin PBXFileReference section */
		3502947B28D4832B00C37C92 /* User.swift */ = {isa = PBXFileReference; lastKnownFileType = sourcecode.swift; path = User.swift; sourceTree = "<group>"; };
		350B03AD28CE52E900738A7E /* PopupView.swift */ = {isa = PBXFileReference; lastKnownFileType = sourcecode.swift; path = PopupView.swift; sourceTree = "<group>"; };
		3520CB7928DDACA300F85F62 /* CurrentWeek.swift */ = {isa = PBXFileReference; lastKnownFileType = sourcecode.swift; path = CurrentWeek.swift; sourceTree = "<group>"; };
		352137E028CA13750045A453 /* WeekView.swift */ = {isa = PBXFileReference; lastKnownFileType = sourcecode.swift; path = WeekView.swift; sourceTree = "<group>"; };
		352C47C728FC5781001EC887 /* TimeStringExtension.swift */ = {isa = PBXFileReference; lastKnownFileType = sourcecode.swift; path = TimeStringExtension.swift; sourceTree = "<group>"; };
		3535B1A129016F6900BF16EE /* ExerciseListView.swift */ = {isa = PBXFileReference; lastKnownFileType = sourcecode.swift; path = ExerciseListView.swift; sourceTree = "<group>"; };
		3538982628DC83C900983E1A /* StopwatchFunctions.swift */ = {isa = PBXFileReference; lastKnownFileType = sourcecode.swift; path = StopwatchFunctions.swift; sourceTree = "<group>"; };
		3539485428C74AD600EDF0E2 /* WorkoutView.swift */ = {isa = PBXFileReference; lastKnownFileType = sourcecode.swift; path = WorkoutView.swift; sourceTree = "<group>"; };
		353C0F4F2901BB2D00A12930 /* Exercise.swift */ = {isa = PBXFileReference; lastKnownFileType = sourcecode.swift; path = Exercise.swift; sourceTree = "<group>"; };
		356AA81E28BA363000F9ABC2 /* ProgressView.swift */ = {isa = PBXFileReference; lastKnownFileType = sourcecode.swift; path = ProgressView.swift; sourceTree = "<group>"; };
		35C1575028EEEF1F00C7B641 /* PauseTimerFunctions.swift */ = {isa = PBXFileReference; lastKnownFileType = sourcecode.swift; path = PauseTimerFunctions.swift; sourceTree = "<group>"; };
		35D13D0628CB71F50033D155 /* CurrentStatsView.swift */ = {isa = PBXFileReference; lastKnownFileType = sourcecode.swift; path = CurrentStatsView.swift; sourceTree = "<group>"; };
		35D7B67B28B7858D000AFDC1 /* Fitnessential.app */ = {isa = PBXFileReference; explicitFileType = wrapper.application; includeInIndex = 0; path = Fitnessential.app; sourceTree = BUILT_PRODUCTS_DIR; };
		35D7B67E28B7858D000AFDC1 /* FitnessApp.swift */ = {isa = PBXFileReference; lastKnownFileType = sourcecode.swift; path = FitnessApp.swift; sourceTree = "<group>"; };
		35D7B68028B7858D000AFDC1 /* ContentView.swift */ = {isa = PBXFileReference; lastKnownFileType = sourcecode.swift; path = ContentView.swift; sourceTree = "<group>"; };
		35D7B68228B78590000AFDC1 /* Assets.xcassets */ = {isa = PBXFileReference; lastKnownFileType = folder.assetcatalog; path = Assets.xcassets; sourceTree = "<group>"; };
		35D7B68528B78590000AFDC1 /* Preview Assets.xcassets */ = {isa = PBXFileReference; lastKnownFileType = folder.assetcatalog; path = "Preview Assets.xcassets"; sourceTree = "<group>"; };
		35D7B68C28B785BB000AFDC1 /* SettingsView.swift */ = {isa = PBXFileReference; lastKnownFileType = sourcecode.swift; path = SettingsView.swift; sourceTree = "<group>"; };
		35FCF61E28FFF9D7001C2281 /* WeightView.swift */ = {isa = PBXFileReference; lastKnownFileType = sourcecode.swift; path = WeightView.swift; sourceTree = "<group>"; };
		35FCF62029000888001C2281 /* TargetView.swift */ = {isa = PBXFileReference; lastKnownFileType = sourcecode.swift; path = TargetView.swift; sourceTree = "<group>"; };
		35FE2A5828BE156200291982 /* Workout.swift */ = {isa = PBXFileReference; lastKnownFileType = sourcecode.swift; path = Workout.swift; sourceTree = "<group>"; };
/* End PBXFileReference section */

/* Begin PBXFrameworksBuildPhase section */
		35D7B67828B7858D000AFDC1 /* Frameworks */ = {
			isa = PBXFrameworksBuildPhase;
			buildActionMask = 2147483647;
			files = (
			);
			runOnlyForDeploymentPostprocessing = 0;
		};
/* End PBXFrameworksBuildPhase section */

/* Begin PBXGroup section */
		350B03AA28CE4E0200738A7E /* Models */ = {
			isa = PBXGroup;
			children = (
				3502947B28D4832B00C37C92 /* User.swift */,
				35FE2A5828BE156200291982 /* Workout.swift */,
				353C0F4F2901BB2D00A12930 /* Exercise.swift */,
			);
			path = Models;
			sourceTree = "<group>";
		};
		3538982428DC838B00983E1A /* WorkoutView */ = {
			isa = PBXGroup;
			children = (
				3539485428C74AD600EDF0E2 /* WorkoutView.swift */,
				3535B1A129016F6900BF16EE /* ExerciseListView.swift */,
				350B03AD28CE52E900738A7E /* PopupView.swift */,
			);
			path = WorkoutView;
			sourceTree = "<group>";
		};
		3538982528DC839700983E1A /* HomeView */ = {
			isa = PBXGroup;
			children = (
				35D7B68028B7858D000AFDC1 /* ContentView.swift */,
				352137E028CA13750045A453 /* WeekView.swift */,
				35D13D0628CB71F50033D155 /* CurrentStatsView.swift */,
				35FCF61E28FFF9D7001C2281 /* WeightView.swift */,
				35FCF62029000888001C2281 /* TargetView.swift */,
			);
			path = HomeView;
			sourceTree = "<group>";
		};
		35CD6D1828D8828200200E4E /* Extensions */ = {
			isa = PBXGroup;
			children = (
				3520CB7928DDACA300F85F62 /* CurrentWeek.swift */,
				3538982628DC83C900983E1A /* StopwatchFunctions.swift */,
				35C1575028EEEF1F00C7B641 /* PauseTimerFunctions.swift */,
				352C47C728FC5781001EC887 /* TimeStringExtension.swift */,
			);
			path = Extensions;
			sourceTree = "<group>";
		};
		35D7B67228B7858D000AFDC1 = {
			isa = PBXGroup;
			children = (
				35D7B67D28B7858D000AFDC1 /* FitnessApp */,
				35D7B67C28B7858D000AFDC1 /* Products */,
			);
			sourceTree = "<group>";
		};
		35D7B67C28B7858D000AFDC1 /* Products */ = {
			isa = PBXGroup;
			children = (
				35D7B67B28B7858D000AFDC1 /* Fitnessential.app */,
			);
			name = Products;
			sourceTree = "<group>";
		};
		35D7B67D28B7858D000AFDC1 /* FitnessApp */ = {
			isa = PBXGroup;
			children = (
				35D7B67E28B7858D000AFDC1 /* FitnessApp.swift */,
				35D7B68C28B785BB000AFDC1 /* SettingsView.swift */,
				356AA81E28BA363000F9ABC2 /* ProgressView.swift */,
				3538982528DC839700983E1A /* HomeView */,
				3538982428DC838B00983E1A /* WorkoutView */,
				350B03AA28CE4E0200738A7E /* Models */,
				35CD6D1828D8828200200E4E /* Extensions */,
				35D7B68228B78590000AFDC1 /* Assets.xcassets */,
				35D7B68428B78590000AFDC1 /* Preview Content */,
			);
			path = FitnessApp;
			sourceTree = "<group>";
		};
		35D7B68428B78590000AFDC1 /* Preview Content */ = {
			isa = PBXGroup;
			children = (
				35D7B68528B78590000AFDC1 /* Preview Assets.xcassets */,
			);
			path = "Preview Content";
			sourceTree = "<group>";
		};
/* End PBXGroup section */

/* Begin PBXNativeTarget section */
		35D7B67A28B7858D000AFDC1 /* Fitnessential */ = {
			isa = PBXNativeTarget;
			buildConfigurationList = 35D7B68928B78590000AFDC1 /* Build configuration list for PBXNativeTarget "Fitnessential" */;
			buildPhases = (
				35D7B67728B7858D000AFDC1 /* Sources */,
				35D7B67828B7858D000AFDC1 /* Frameworks */,
				35D7B67928B7858D000AFDC1 /* Resources */,
			);
			buildRules = (
			);
			dependencies = (
			);
			name = Fitnessential;
			productName = GetMoving;
			productReference = 35D7B67B28B7858D000AFDC1 /* Fitnessential.app */;
			productType = "com.apple.product-type.application";
		};
/* End PBXNativeTarget section */

/* Begin PBXProject section */
		35D7B67328B7858D000AFDC1 /* Project object */ = {
			isa = PBXProject;
			attributes = {
				BuildIndependentTargetsInParallel = 1;
				LastSwiftUpdateCheck = 1340;
				LastUpgradeCheck = 1340;
				TargetAttributes = {
					35D7B67A28B7858D000AFDC1 = {
						CreatedOnToolsVersion = 13.4.1;
					};
				};
			};
			buildConfigurationList = 35D7B67628B7858D000AFDC1 /* Build configuration list for PBXProject "FitnessApp" */;
			compatibilityVersion = "Xcode 13.0";
			developmentRegion = en;
			hasScannedForEncodings = 0;
			knownRegions = (
				en,
				Base,
			);
			mainGroup = 35D7B67228B7858D000AFDC1;
			productRefGroup = 35D7B67C28B7858D000AFDC1 /* Products */;
			projectDirPath = "";
			projectRoot = "";
			targets = (
				35D7B67A28B7858D000AFDC1 /* Fitnessential */,
			);
		};
/* End PBXProject section */

/* Begin PBXResourcesBuildPhase section */
		35D7B67928B7858D000AFDC1 /* Resources */ = {
			isa = PBXResourcesBuildPhase;
			buildActionMask = 2147483647;
			files = (
				35D7B68628B78590000AFDC1 /* Preview Assets.xcassets in Resources */,
				35D7B68328B78590000AFDC1 /* Assets.xcassets in Resources */,
			);
			runOnlyForDeploymentPostprocessing = 0;
		};
/* End PBXResourcesBuildPhase section */

/* Begin PBXSourcesBuildPhase section */
		35D7B67728B7858D000AFDC1 /* Sources */ = {
			isa = PBXSourcesBuildPhase;
			buildActionMask = 2147483647;
			files = (
				3538982728DC83C900983E1A /* StopwatchFunctions.swift in Sources */,
				350B03AE28CE52E900738A7E /* PopupView.swift in Sources */,
				35D7B68D28B785BB000AFDC1 /* SettingsView.swift in Sources */,
				356AA81F28BA363000F9ABC2 /* ProgressView.swift in Sources */,
				35D7B68128B7858D000AFDC1 /* ContentView.swift in Sources */,
				3535B1A229016F6900BF16EE /* ExerciseListView.swift in Sources */,
				352137E128CA13750045A453 /* WeekView.swift in Sources */,
				3520CB7A28DDACA300F85F62 /* CurrentWeek.swift in Sources */,
				35D13D0728CB71F50033D155 /* CurrentStatsView.swift in Sources */,
				35FCF62129000888001C2281 /* TargetView.swift in Sources */,
				35FE2A5928BE156200291982 /* Workout.swift in Sources */,
				352C47C828FC5781001EC887 /* TimeStringExtension.swift in Sources */,
				35C1575128EEEF1F00C7B641 /* PauseTimerFunctions.swift in Sources */,
				3539485528C74AD600EDF0E2 /* WorkoutView.swift in Sources */,
				3502947C28D4832B00C37C92 /* User.swift in Sources */,
				35FCF61F28FFF9D7001C2281 /* WeightView.swift in Sources */,
				35D7B67F28B7858D000AFDC1 /* FitnessApp.swift in Sources */,
				353C0F502901BB2D00A12930 /* Exercise.swift in Sources */,
			);
			runOnlyForDeploymentPostprocessing = 0;
		};
/* End PBXSourcesBuildPhase section */

/* Begin XCBuildConfiguration section */
		35D7B68728B78590000AFDC1 /* Debug */ = {
			isa = XCBuildConfiguration;
			buildSettings = {
				ALWAYS_SEARCH_USER_PATHS = NO;
				CLANG_ANALYZER_NONNULL = YES;
				CLANG_ANALYZER_NUMBER_OBJECT_CONVERSION = YES_AGGRESSIVE;
				CLANG_CXX_LANGUAGE_STANDARD = "gnu++17";
				CLANG_ENABLE_MODULES = YES;
				CLANG_ENABLE_OBJC_ARC = YES;
				CLANG_ENABLE_OBJC_WEAK = YES;
				CLANG_WARN_BLOCK_CAPTURE_AUTORELEASING = YES;
				CLANG_WARN_BOOL_CONVERSION = YES;
				CLANG_WARN_COMMA = YES;
				CLANG_WARN_CONSTANT_CONVERSION = YES;
				CLANG_WARN_DEPRECATED_OBJC_IMPLEMENTATIONS = YES;
				CLANG_WARN_DIRECT_OBJC_ISA_USAGE = YES_ERROR;
				CLANG_WARN_DOCUMENTATION_COMMENTS = YES;
				CLANG_WARN_EMPTY_BODY = YES;
				CLANG_WARN_ENUM_CONVERSION = YES;
				CLANG_WARN_INFINITE_RECURSION = YES;
				CLANG_WARN_INT_CONVERSION = YES;
				CLANG_WARN_NON_LITERAL_NULL_CONVERSION = YES;
				CLANG_WARN_OBJC_IMPLICIT_RETAIN_SELF = YES;
				CLANG_WARN_OBJC_LITERAL_CONVERSION = YES;
				CLANG_WARN_OBJC_ROOT_CLASS = YES_ERROR;
				CLANG_WARN_QUOTED_INCLUDE_IN_FRAMEWORK_HEADER = YES;
				CLANG_WARN_RANGE_LOOP_ANALYSIS = YES;
				CLANG_WARN_STRICT_PROTOTYPES = YES;
				CLANG_WARN_SUSPICIOUS_MOVE = YES;
				CLANG_WARN_UNGUARDED_AVAILABILITY = YES_AGGRESSIVE;
				CLANG_WARN_UNREACHABLE_CODE = YES;
				CLANG_WARN__DUPLICATE_METHOD_MATCH = YES;
				COPY_PHASE_STRIP = NO;
				DEBUG_INFORMATION_FORMAT = dwarf;
				ENABLE_STRICT_OBJC_MSGSEND = YES;
				ENABLE_TESTABILITY = YES;
				GCC_C_LANGUAGE_STANDARD = gnu11;
				GCC_DYNAMIC_NO_PIC = NO;
				GCC_NO_COMMON_BLOCKS = YES;
				GCC_OPTIMIZATION_LEVEL = 0;
				GCC_PREPROCESSOR_DEFINITIONS = (
					"DEBUG=1",
					"$(inherited)",
				);
				GCC_WARN_64_TO_32_BIT_CONVERSION = YES;
				GCC_WARN_ABOUT_RETURN_TYPE = YES_ERROR;
				GCC_WARN_UNDECLARED_SELECTOR = YES;
				GCC_WARN_UNINITIALIZED_AUTOS = YES_AGGRESSIVE;
				GCC_WARN_UNUSED_FUNCTION = YES;
				GCC_WARN_UNUSED_VARIABLE = YES;
				IPHONEOS_DEPLOYMENT_TARGET = 15.6;
				MTL_ENABLE_DEBUG_INFO = INCLUDE_SOURCE;
				MTL_FAST_MATH = YES;
				ONLY_ACTIVE_ARCH = YES;
				SDKROOT = iphoneos;
				SWIFT_ACTIVE_COMPILATION_CONDITIONS = DEBUG;
				SWIFT_OPTIMIZATION_LEVEL = "-Onone";
			};
			name = Debug;
		};
		35D7B68828B78590000AFDC1 /* Release */ = {
			isa = XCBuildConfiguration;
			buildSettings = {
				ALWAYS_SEARCH_USER_PATHS = NO;
				CLANG_ANALYZER_NONNULL = YES;
				CLANG_ANALYZER_NUMBER_OBJECT_CONVERSION = YES_AGGRESSIVE;
				CLANG_CXX_LANGUAGE_STANDARD = "gnu++17";
				CLANG_ENABLE_MODULES = YES;
				CLANG_ENABLE_OBJC_ARC = YES;
				CLANG_ENABLE_OBJC_WEAK = YES;
				CLANG_WARN_BLOCK_CAPTURE_AUTORELEASING = YES;
				CLANG_WARN_BOOL_CONVERSION = YES;
				CLANG_WARN_COMMA = YES;
				CLANG_WARN_CONSTANT_CONVERSION = YES;
				CLANG_WARN_DEPRECATED_OBJC_IMPLEMENTATIONS = YES;
				CLANG_WARN_DIRECT_OBJC_ISA_USAGE = YES_ERROR;
				CLANG_WARN_DOCUMENTATION_COMMENTS = YES;
				CLANG_WARN_EMPTY_BODY = YES;
				CLANG_WARN_ENUM_CONVERSION = YES;
				CLANG_WARN_INFINITE_RECURSION = YES;
				CLANG_WARN_INT_CONVERSION = YES;
				CLANG_WARN_NON_LITERAL_NULL_CONVERSION = YES;
				CLANG_WARN_OBJC_IMPLICIT_RETAIN_SELF = YES;
				CLANG_WARN_OBJC_LITERAL_CONVERSION = YES;
				CLANG_WARN_OBJC_ROOT_CLASS = YES_ERROR;
				CLANG_WARN_QUOTED_INCLUDE_IN_FRAMEWORK_HEADER = YES;
				CLANG_WARN_RANGE_LOOP_ANALYSIS = YES;
				CLANG_WARN_STRICT_PROTOTYPES = YES;
				CLANG_WARN_SUSPICIOUS_MOVE = YES;
				CLANG_WARN_UNGUARDED_AVAILABILITY = YES_AGGRESSIVE;
				CLANG_WARN_UNREACHABLE_CODE = YES;
				CLANG_WARN__DUPLICATE_METHOD_MATCH = YES;
				COPY_PHASE_STRIP = NO;
				DEBUG_INFORMATION_FORMAT = "dwarf-with-dsym";
				ENABLE_NS_ASSERTIONS = NO;
				ENABLE_STRICT_OBJC_MSGSEND = YES;
				GCC_C_LANGUAGE_STANDARD = gnu11;
				GCC_NO_COMMON_BLOCKS = YES;
				GCC_WARN_64_TO_32_BIT_CONVERSION = YES;
				GCC_WARN_ABOUT_RETURN_TYPE = YES_ERROR;
				GCC_WARN_UNDECLARED_SELECTOR = YES;
				GCC_WARN_UNINITIALIZED_AUTOS = YES_AGGRESSIVE;
				GCC_WARN_UNUSED_FUNCTION = YES;
				GCC_WARN_UNUSED_VARIABLE = YES;
				IPHONEOS_DEPLOYMENT_TARGET = 15.6;
				MTL_ENABLE_DEBUG_INFO = NO;
				MTL_FAST_MATH = YES;
				SDKROOT = iphoneos;
				SWIFT_COMPILATION_MODE = wholemodule;
				SWIFT_OPTIMIZATION_LEVEL = "-O";
				VALIDATE_PRODUCT = YES;
			};
			name = Release;
		};
		35D7B68A28B78590000AFDC1 /* Debug */ = {
			isa = XCBuildConfiguration;
			buildSettings = {
				ASSETCATALOG_COMPILER_APPICON_NAME = AppIcon;
				ASSETCATALOG_COMPILER_GLOBAL_ACCENT_COLOR_NAME = AccentColor;
				ASSETCATALOG_COMPILER_INCLUDE_ALL_APPICON_ASSETS = YES;
				CODE_SIGN_STYLE = Automatic;
				CURRENT_PROJECT_VERSION = 0.0.2;
				DEVELOPMENT_ASSET_PATHS = "\"FitnessApp/Preview Content\"";
				DEVELOPMENT_TEAM = B6ULY2T7X7;
				ENABLE_PREVIEWS = YES;
				GENERATE_INFOPLIST_FILE = YES;
				INFOPLIST_FILE = "Fitnessential-Info.plist";
				INFOPLIST_KEY_CFBundleDisplayName = Fitnessential;
				INFOPLIST_KEY_LSApplicationCategoryType = "public.app-category.healthcare-fitness";
				INFOPLIST_KEY_UIApplicationSceneManifest_Generation = YES;
				INFOPLIST_KEY_UIApplicationSupportsIndirectInputEvents = YES;
				INFOPLIST_KEY_UILaunchScreen_Generation = YES;
				INFOPLIST_KEY_UISupportedInterfaceOrientations = UIInterfaceOrientationPortrait;
				INFOPLIST_KEY_UISupportedInterfaceOrientations_iPad = "UIInterfaceOrientationLandscapeLeft UIInterfaceOrientationLandscapeRight UIInterfaceOrientationPortrait UIInterfaceOrientationPortraitUpsideDown";
				IPHONEOS_DEPLOYMENT_TARGET = 15.6;
				LD_RUNPATH_SEARCH_PATHS = (
					"$(inherited)",
					"@executable_path/Frameworks",
				);
				MACOSX_DEPLOYMENT_TARGET = 13.0;
				MARKETING_VERSION = 0.0.2;
				PRODUCT_BUNDLE_IDENTIFIER = "BETA-CODE.Fitnessential";
				PRODUCT_NAME = "$(TARGET_NAME)";
				SUPPORTED_PLATFORMS = "iphoneos iphonesimulator";
				SUPPORTS_MACCATALYST = NO;
				SUPPORTS_MAC_DESIGNED_FOR_IPHONE_IPAD = NO;
				SWIFT_EMIT_LOC_STRINGS = YES;
				SWIFT_VERSION = 5.0;
				TARGETED_DEVICE_FAMILY = 1;
			};
			name = Debug;
		};
		35D7B68B28B78590000AFDC1 /* Release */ = {
			isa = XCBuildConfiguration;
			buildSettings = {
				ASSETCATALOG_COMPILER_APPICON_NAME = AppIcon;
				ASSETCATALOG_COMPILER_GLOBAL_ACCENT_COLOR_NAME = AccentColor;
				ASSETCATALOG_COMPILER_INCLUDE_ALL_APPICON_ASSETS = YES;
				CODE_SIGN_STYLE = Automatic;
				CURRENT_PROJECT_VERSION = 0.0.2;
				DEVELOPMENT_ASSET_PATHS = "\"FitnessApp/Preview Content\"";
				DEVELOPMENT_TEAM = B6ULY2T7X7;
				ENABLE_PREVIEWS = YES;
				GENERATE_INFOPLIST_FILE = YES;
				INFOPLIST_FILE = "Fitnessential-Info.plist";
				INFOPLIST_KEY_CFBundleDisplayName = Fitnessential;
				INFOPLIST_KEY_LSApplicationCategoryType = "public.app-category.healthcare-fitness";
				INFOPLIST_KEY_UIApplicationSceneManifest_Generation = YES;
				INFOPLIST_KEY_UIApplicationSupportsIndirectInputEvents = YES;
				INFOPLIST_KEY_UILaunchScreen_Generation = YES;
				INFOPLIST_KEY_UISupportedInterfaceOrientations = UIInterfaceOrientationPortrait;
				INFOPLIST_KEY_UISupportedInterfaceOrientations_iPad = "UIInterfaceOrientationLandscapeLeft UIInterfaceOrientationLandscapeRight UIInterfaceOrientationPortrait UIInterfaceOrientationPortraitUpsideDown";
				IPHONEOS_DEPLOYMENT_TARGET = 15.6;
				LD_RUNPATH_SEARCH_PATHS = (
					"$(inherited)",
					"@executable_path/Frameworks",
				);
				MACOSX_DEPLOYMENT_TARGET = 13.0;
				MARKETING_VERSION = 0.0.2;
				PRODUCT_BUNDLE_IDENTIFIER = "BETA-CODE.Fitnessential";
				PRODUCT_NAME = "$(TARGET_NAME)";
				SUPPORTED_PLATFORMS = "iphoneos iphonesimulator";
				SUPPORTS_MACCATALYST = NO;
				SUPPORTS_MAC_DESIGNED_FOR_IPHONE_IPAD = NO;
				SWIFT_EMIT_LOC_STRINGS = YES;
				SWIFT_VERSION = 5.0;
				TARGETED_DEVICE_FAMILY = 1;
			};
			name = Release;
		};
/* End XCBuildConfiguration section */

/* Begin XCConfigurationList section */
		35D7B67628B7858D000AFDC1 /* Build configuration list for PBXProject "FitnessApp" */ = {
			isa = XCConfigurationList;
			buildConfigurations = (
				35D7B68728B78590000AFDC1 /* Debug */,
				35D7B68828B78590000AFDC1 /* Release */,
			);
			defaultConfigurationIsVisible = 0;
			defaultConfigurationName = Release;
		};
		35D7B68928B78590000AFDC1 /* Build configuration list for PBXNativeTarget "Fitnessential" */ = {
			isa = XCConfigurationList;
			buildConfigurations = (
				35D7B68A28B78590000AFDC1 /* Debug */,
				35D7B68B28B78590000AFDC1 /* Release */,
			);
			defaultConfigurationIsVisible = 0;
			defaultConfigurationName = Release;
		};
/* End XCConfigurationList section */
	};
	rootObject = 35D7B67328B7858D000AFDC1 /* Project object */;
}
